
Microsoft Visual Studio Solution File, Format Version 12.00
# Visual Studio Version 17
VisualStudioVersion = 17.13.35818.85 d17.13
MinimumVisualStudioVersion = 10.0.40219.1
Project("{FAE04EC0-301F-11D3-BF4B-00C04F79EFBC}") = "modul8_103022300034", "modul8_103022300034\modul8_103022300034.csproj", "{9B901A6B-1426-4EBE-972E-1F29C964FE3F}"
EndProject
Global
	GlobalSection(SolutionConfigurationPlatforms) = preSolution
		Debug|Any CPU = Debug|Any CPU
		Release|Any CPU = Release|Any CPU
	EndGlobalSection
	GlobalSection(ProjectConfigurationPlatforms) = postSolution
		{9B901A6B-1426-4EBE-972E-1F29C964FE3F}.Debug|Any CPU.ActiveCfg = Debug|Any CPU
		{9B901A6B-1426-4EBE-972E-1F29C964FE3F}.Debug|Any CPU.Build.0 = Debug|Any CPU
		{9B901A6B-1426-4EBE-972E-1F29C964FE3F}.Release|Any CPU.ActiveCfg = Release|Any CPU
		{9B901A6B-1426-4EBE-972E-1F29C964FE3F}.Release|Any CPU.Build.0 = Release|Any CPU
	EndGlobalSection
	GlobalSection(SolutionProperties) = preSolution
		HideSolutionNode = FALSE
	EndGlobalSection
	GlobalSection(ExtensibilityGlobals) = postSolution
		SolutionGuid = {8A8334C9-D7DC-4232-9CD8-663E5777291A}
	EndGlobalSection
EndGlobal
